
Microsoft Visual Studio Solution File, Format Version 12.00
# Visual Studio Version 17
VisualStudioVersion = 17.13.35931.197 d17.13
MinimumVisualStudioVersion = 10.0.40219.1
Project("{FAE04EC0-301F-11D3-BF4B-00C04F79EFBC}") = "AniStream", "AniStream\AniStream.csproj", "{514C46FD-9A03-4107-9989-8CC35A741A6F}"
EndProject
Global
	GlobalSection(SolutionConfigurationPlatforms) = preSolution
		Debug|Any CPU = Debug|Any CPU
		Release|Any CPU = Release|Any CPU
	EndGlobalSection
	GlobalSection(ProjectConfigurationPlatforms) = postSolution
		{514C46FD-9A03-4107-9989-8CC35A741A6F}.Debug|Any CPU.ActiveCfg = Debug|Any CPU
		{514C46FD-9A03-4107-9989-8CC35A741A6F}.Debug|Any CPU.Build.0 = Debug|Any CPU
		{514C46FD-9A03-4107-9989-8CC35A741A6F}.Release|Any CPU.ActiveCfg = Release|Any CPU
		{514C46FD-9A03-4107-9989-8CC35A741A6F}.Release|Any CPU.Build.0 = Release|Any CPU
	EndGlobalSection
	GlobalSection(SolutionProperties) = preSolution
		HideSolutionNode = FALSE
	EndGlobalSection
	GlobalSection(ExtensibilityGlobals) = postSolution
		SolutionGuid = {334AE6C7-1B04-4700-A7A1-4E2C9DB98837}
	EndGlobalSection
EndGlobal
